
Microsoft Visual Studio Solution File, Format Version 12.00
Project("{2150E333-8FDC-42A3-9474-1A3956D46DE8}") = "src", "src", "{23E39E77-0E67-4857-A545-A1BF87DBB99E}"
EndProject
Project("{FAE04EC0-301F-11D3-BF4B-00C04F79EFBC}") = "FIAP.TC.Fase03.ContatosAPI.Gateway", "FIAP.TC.Fase03.ContatosAPI.Gateway\FIAP.TC.Fase03.ContatosAPI.Gateway.csproj", "{4FFB8209-BAF3-4FED-AEDA-E843C0EB0A26}"
EndProject
Project("{FAE04EC0-301F-11D3-BF4B-00C04F79EFBC}") = "FIAP.TC.Fase03.ContatosAPI.Cadastro", "FIAP.TC.Fase03.ContatosAPI.Cadastro\FIAP.TC.Fase03.ContatosAPI.Cadastro.csproj", "{C8208E55-EC66-4BBE-9196-2F8BE8918262}"
EndProject
Project("{FAE04EC0-301F-11D3-BF4B-00C04F79EFBC}") = "FIAP.TC.Fase03.ContatosAPI.Consulta", "FIAP.TC.Fase03.ContatosAPI.Consulta\FIAP.TC.Fase03.ContatosAPI.Consulta.csproj", "{1FAB1939-B520-4858-81C8-FC89C63562B2}"
EndProject
Project("{2150E333-8FDC-42A3-9474-1A3956D46DE8}") = "Workers", "Workers", "{46CC589D-4752-45D5-BEDE-6A859E9353AC}"
EndProject
Project("{FAE04EC0-301F-11D3-BF4B-00C04F79EFBC}") = "FIAP.TC.Fase03.ContatosAPI.Inclusao", "FIAP.TC.Fase03.ContatosAPI.Inclusao\FIAP.TC.Fase03.ContatosAPI.Inclusao.csproj", "{8BDD4E32-918E-403C-B15A-EB39A0CFDC1A}"
EndProject
Project("{FAE04EC0-301F-11D3-BF4B-00C04F79EFBC}") = "FIAP.TC.Fase03.ContatosAPI.Atualizacao", "FIAP.TC.Fase03.ContatosAPI.Atualizacao\FIAP.TC.Fase03.ContatosAPI.Atualizacao.csproj", "{93AA20A1-DFBD-4949-8179-80C59341E659}"
EndProject
Project("{FAE04EC0-301F-11D3-BF4B-00C04F79EFBC}") = "FIAP.TC.Fase03.ContatosAPI.Remocao", "FIAP.TC.Fase03.ContatosAPI.Remocao\FIAP.TC.Fase03.ContatosAPI.Remocao.csproj", "{2FA88B68-CC34-4F9E-8574-D26A4AD4901A}"
EndProject
Project("{FAE04EC0-301F-11D3-BF4B-00C04F79EFBC}") = "FIAP.TC.Fase03.Notificacoes", "FIAP.TC.Fase03.Notificacoes\FIAP.TC.Fase03.Notificacoes.csproj", "{16FB0673-08B6-4546-AD18-466B7E4F6409}"
EndProject
Project("{FAE04EC0-301F-11D3-BF4B-00C04F79EFBC}") = "FiAP.TC.Fase03.ContatosAPI.UnitTest", "FiAP.TC.Fase03.ContatosAPI.UnitTest\FiAP.TC.Fase03.ContatosAPI.UnitTest.csproj", "{A748D223-CF52-4B15-8AAC-B2C995049606}"
EndProject
Project("{2150E333-8FDC-42A3-9474-1A3956D46DE8}") = "Testes", "Testes", "{714EEAEB-AD9E-4AB6-A334-2EFE6C2626D6}"
EndProject
Project("{FAE04EC0-301F-11D3-BF4B-00C04F79EFBC}") = "FIAP.TC.Fase03.ContatosAPI.IntegrationTests", "FIAP.TC.Fase03.ContatosAPI.IntegrationTests\FIAP.TC.Fase03.ContatosAPI.IntegrationTests.csproj", "{3592C149-45B9-4C2A-B00B-C941775F4753}"
EndProject
Project("{FAE04EC0-301F-11D3-BF4B-00C04F79EFBC}") = "FIAP.TC.Fase03.ContatosAPI.Shared", "FIAP.TC.Fase03.ContatosAPI.Shared\FIAP.TC.Fase03.ContatosAPI.Shared.csproj", "{31029C1F-50F2-479B-ADCA-0D99B57A83E6}"
EndProject
Global
	GlobalSection(SolutionConfigurationPlatforms) = preSolution
		Debug|Any CPU = Debug|Any CPU
		Release|Any CPU = Release|Any CPU
	EndGlobalSection
	GlobalSection(ProjectConfigurationPlatforms) = postSolution
		{4FFB8209-BAF3-4FED-AEDA-E843C0EB0A26}.Debug|Any CPU.ActiveCfg = Debug|Any CPU
		{4FFB8209-BAF3-4FED-AEDA-E843C0EB0A26}.Debug|Any CPU.Build.0 = Debug|Any CPU
		{4FFB8209-BAF3-4FED-AEDA-E843C0EB0A26}.Release|Any CPU.ActiveCfg = Release|Any CPU
		{4FFB8209-BAF3-4FED-AEDA-E843C0EB0A26}.Release|Any CPU.Build.0 = Release|Any CPU
		{C8208E55-EC66-4BBE-9196-2F8BE8918262}.Debug|Any CPU.ActiveCfg = Debug|Any CPU
		{C8208E55-EC66-4BBE-9196-2F8BE8918262}.Debug|Any CPU.Build.0 = Debug|Any CPU
		{C8208E55-EC66-4BBE-9196-2F8BE8918262}.Release|Any CPU.ActiveCfg = Release|Any CPU
		{C8208E55-EC66-4BBE-9196-2F8BE8918262}.Release|Any CPU.Build.0 = Release|Any CPU
		{1FAB1939-B520-4858-81C8-FC89C63562B2}.Debug|Any CPU.ActiveCfg = Debug|Any CPU
		{1FAB1939-B520-4858-81C8-FC89C63562B2}.Debug|Any CPU.Build.0 = Debug|Any CPU
		{1FAB1939-B520-4858-81C8-FC89C63562B2}.Release|Any CPU.ActiveCfg = Release|Any CPU
		{1FAB1939-B520-4858-81C8-FC89C63562B2}.Release|Any CPU.Build.0 = Release|Any CPU
		{8BDD4E32-918E-403C-B15A-EB39A0CFDC1A}.Debug|Any CPU.ActiveCfg = Debug|Any CPU
		{8BDD4E32-918E-403C-B15A-EB39A0CFDC1A}.Debug|Any CPU.Build.0 = Debug|Any CPU
		{8BDD4E32-918E-403C-B15A-EB39A0CFDC1A}.Release|Any CPU.ActiveCfg = Release|Any CPU
		{8BDD4E32-918E-403C-B15A-EB39A0CFDC1A}.Release|Any CPU.Build.0 = Release|Any CPU
		{93AA20A1-DFBD-4949-8179-80C59341E659}.Debug|Any CPU.ActiveCfg = Debug|Any CPU
		{93AA20A1-DFBD-4949-8179-80C59341E659}.Debug|Any CPU.Build.0 = Debug|Any CPU
		{93AA20A1-DFBD-4949-8179-80C59341E659}.Release|Any CPU.ActiveCfg = Release|Any CPU
		{93AA20A1-DFBD-4949-8179-80C59341E659}.Release|Any CPU.Build.0 = Release|Any CPU
		{2FA88B68-CC34-4F9E-8574-D26A4AD4901A}.Debug|Any CPU.ActiveCfg = Debug|Any CPU
		{2FA88B68-CC34-4F9E-8574-D26A4AD4901A}.Debug|Any CPU.Build.0 = Debug|Any CPU
		{2FA88B68-CC34-4F9E-8574-D26A4AD4901A}.Release|Any CPU.ActiveCfg = Release|Any CPU
		{2FA88B68-CC34-4F9E-8574-D26A4AD4901A}.Release|Any CPU.Build.0 = Release|Any CPU
		{16FB0673-08B6-4546-AD18-466B7E4F6409}.Debug|Any CPU.ActiveCfg = Debug|Any CPU
		{16FB0673-08B6-4546-AD18-466B7E4F6409}.Debug|Any CPU.Build.0 = Debug|Any CPU
		{16FB0673-08B6-4546-AD18-466B7E4F6409}.Release|Any CPU.ActiveCfg = Release|Any CPU
		{16FB0673-08B6-4546-AD18-466B7E4F6409}.Release|Any CPU.Build.0 = Release|Any CPU
		{A748D223-CF52-4B15-8AAC-B2C995049606}.Debug|Any CPU.ActiveCfg = Debug|Any CPU
		{A748D223-CF52-4B15-8AAC-B2C995049606}.Debug|Any CPU.Build.0 = Debug|Any CPU
		{A748D223-CF52-4B15-8AAC-B2C995049606}.Release|Any CPU.ActiveCfg = Release|Any CPU
		{A748D223-CF52-4B15-8AAC-B2C995049606}.Release|Any CPU.Build.0 = Release|Any CPU
		{3592C149-45B9-4C2A-B00B-C941775F4753}.Debug|Any CPU.ActiveCfg = Debug|Any CPU
		{3592C149-45B9-4C2A-B00B-C941775F4753}.Debug|Any CPU.Build.0 = Debug|Any CPU
		{3592C149-45B9-4C2A-B00B-C941775F4753}.Release|Any CPU.ActiveCfg = Release|Any CPU
		{3592C149-45B9-4C2A-B00B-C941775F4753}.Release|Any CPU.Build.0 = Release|Any CPU
		{31029C1F-50F2-479B-ADCA-0D99B57A83E6}.Debug|Any CPU.ActiveCfg = Debug|Any CPU
		{31029C1F-50F2-479B-ADCA-0D99B57A83E6}.Debug|Any CPU.Build.0 = Debug|Any CPU
		{31029C1F-50F2-479B-ADCA-0D99B57A83E6}.Release|Any CPU.ActiveCfg = Release|Any CPU
		{31029C1F-50F2-479B-ADCA-0D99B57A83E6}.Release|Any CPU.Build.0 = Release|Any CPU
	EndGlobalSection
	GlobalSection(NestedProjects) = preSolution
		{4FFB8209-BAF3-4FED-AEDA-E843C0EB0A26} = {23E39E77-0E67-4857-A545-A1BF87DBB99E}
		{C8208E55-EC66-4BBE-9196-2F8BE8918262} = {23E39E77-0E67-4857-A545-A1BF87DBB99E}
		{1FAB1939-B520-4858-81C8-FC89C63562B2} = {23E39E77-0E67-4857-A545-A1BF87DBB99E}
		{46CC589D-4752-45D5-BEDE-6A859E9353AC} = {23E39E77-0E67-4857-A545-A1BF87DBB99E}
		{8BDD4E32-918E-403C-B15A-EB39A0CFDC1A} = {46CC589D-4752-45D5-BEDE-6A859E9353AC}
		{93AA20A1-DFBD-4949-8179-80C59341E659} = {46CC589D-4752-45D5-BEDE-6A859E9353AC}
		{2FA88B68-CC34-4F9E-8574-D26A4AD4901A} = {46CC589D-4752-45D5-BEDE-6A859E9353AC}
		{16FB0673-08B6-4546-AD18-466B7E4F6409} = {46CC589D-4752-45D5-BEDE-6A859E9353AC}
		{714EEAEB-AD9E-4AB6-A334-2EFE6C2626D6} = {23E39E77-0E67-4857-A545-A1BF87DBB99E}
		{A748D223-CF52-4B15-8AAC-B2C995049606} = {714EEAEB-AD9E-4AB6-A334-2EFE6C2626D6}
		{3592C149-45B9-4C2A-B00B-C941775F4753} = {714EEAEB-AD9E-4AB6-A334-2EFE6C2626D6}
		{31029C1F-50F2-479B-ADCA-0D99B57A83E6} = {23E39E77-0E67-4857-A545-A1BF87DBB99E}
	EndGlobalSection
EndGlobal
